
Microsoft Visual Studio Solution File, Format Version 12.00
# Visual Studio Version 17
VisualStudioVersion = 17.9.34723.18
MinimumVisualStudioVersion = 10.0.40219.1
Project("{9A19103F-16F7-4668-BE54-9A1E7A4F7556}") = "OrionClient", "OrionClient\OrionClient.csproj", "{087C6596-1F76-427F-A29A-F697E417A360}"
EndProject
Project("{9A19103F-16F7-4668-BE54-9A1E7A4F7556}") = "OrionClientLib", "OrionClient_Lib\OrionClientLib.csproj", "{06948012-C5FF-45F8-81B9-74CFC5F83036}"
EndProject
Project("{9A19103F-16F7-4668-BE54-9A1E7A4F7556}") = "Equix", "Equix\Equix.csproj", "{D31DB4B6-177B-40F1-A5D3-2C27492538F4}"
EndProject
Project("{9A19103F-16F7-4668-BE54-9A1E7A4F7556}") = "Tmds.LibC", "Tmds.LibC\src\Tmds.LibC\Tmds.LibC.csproj", "{8A9B59B7-0EA6-44A1-BFA5-EA6618A98A8A}"
EndProject
Project("{9A19103F-16F7-4668-BE54-9A1E7A4F7556}") = "Spectre.Console", "spectre.console\src\Spectre.Console\Spectre.Console.csproj", "{4A5A1189-C518-4466-A272-DE3FFCE49F36}"
EndProject
Project("{9A19103F-16F7-4668-BE54-9A1E7A4F7556}") = "OrionEventLib", "OrionEventLib\OrionEventLib.csproj", "{6D3D1940-8729-462E-90F5-FEF0BF997947}"
EndProject
Project("{9A19103F-16F7-4668-BE54-9A1E7A4F7556}") = "OrionEventServerTester", "OrionEventServerTester\OrionEventServerTester.csproj", "{47B692ED-3D89-4CAF-BB87-AE6B31E1B6F3}"
EndProject
Project("{9A19103F-16F7-4668-BE54-9A1E7A4F7556}") = "Solnet.Wallet", "Solnet\src\Solnet.Wallet\Solnet.Wallet.csproj", "{D7B2E35B-D871-4565-ABA7-0BCBA5E33E5C}"
EndProject
Project("{9A19103F-16F7-4668-BE54-9A1E7A4F7556}") = "Solnet.Rpc", "Solnet\src\Solnet.Rpc\Solnet.Rpc.csproj", "{E3EA2CB2-0D0C-4140-BBAA-B7D386C77173}"
EndProject
Project("{9A19103F-16F7-4668-BE54-9A1E7A4F7556}") = "Solnet.Programs", "Solnet\src\Solnet.Programs\Solnet.Programs.csproj", "{04A885B5-C431-4501-8773-70A69A16D7EA}"
EndProject
Global
	GlobalSection(SolutionConfigurationPlatforms) = preSolution
		Debug|Any CPU = Debug|Any CPU
		Release|Any CPU = Release|Any CPU
	EndGlobalSection
	GlobalSection(ProjectConfigurationPlatforms) = postSolution
		{087C6596-1F76-427F-A29A-F697E417A360}.Debug|Any CPU.ActiveCfg = Debug|Any CPU
		{087C6596-1F76-427F-A29A-F697E417A360}.Debug|Any CPU.Build.0 = Debug|Any CPU
		{087C6596-1F76-427F-A29A-F697E417A360}.Release|Any CPU.ActiveCfg = Release|Any CPU
		{087C6596-1F76-427F-A29A-F697E417A360}.Release|Any CPU.Build.0 = Release|Any CPU
		{06948012-C5FF-45F8-81B9-74CFC5F83036}.Debug|Any CPU.ActiveCfg = Debug|Any CPU
		{06948012-C5FF-45F8-81B9-74CFC5F83036}.Debug|Any CPU.Build.0 = Debug|Any CPU
		{06948012-C5FF-45F8-81B9-74CFC5F83036}.Release|Any CPU.ActiveCfg = Release|Any CPU
		{06948012-C5FF-45F8-81B9-74CFC5F83036}.Release|Any CPU.Build.0 = Release|Any CPU
		{D31DB4B6-177B-40F1-A5D3-2C27492538F4}.Debug|Any CPU.ActiveCfg = Debug|Any CPU
		{D31DB4B6-177B-40F1-A5D3-2C27492538F4}.Debug|Any CPU.Build.0 = Debug|Any CPU
		{D31DB4B6-177B-40F1-A5D3-2C27492538F4}.Release|Any CPU.ActiveCfg = Release|Any CPU
		{D31DB4B6-177B-40F1-A5D3-2C27492538F4}.Release|Any CPU.Build.0 = Release|Any CPU
		{8A9B59B7-0EA6-44A1-BFA5-EA6618A98A8A}.Debug|Any CPU.ActiveCfg = Debug|Any CPU
		{8A9B59B7-0EA6-44A1-BFA5-EA6618A98A8A}.Debug|Any CPU.Build.0 = Debug|Any CPU
		{8A9B59B7-0EA6-44A1-BFA5-EA6618A98A8A}.Release|Any CPU.ActiveCfg = Release|Any CPU
		{8A9B59B7-0EA6-44A1-BFA5-EA6618A98A8A}.Release|Any CPU.Build.0 = Release|Any CPU
		{4A5A1189-C518-4466-A272-DE3FFCE49F36}.Debug|Any CPU.ActiveCfg = Debug|Any CPU
		{4A5A1189-C518-4466-A272-DE3FFCE49F36}.Debug|Any CPU.Build.0 = Debug|Any CPU
		{4A5A1189-C518-4466-A272-DE3FFCE49F36}.Release|Any CPU.ActiveCfg = Release|Any CPU
		{4A5A1189-C518-4466-A272-DE3FFCE49F36}.Release|Any CPU.Build.0 = Release|Any CPU
		{6D3D1940-8729-462E-90F5-FEF0BF997947}.Debug|Any CPU.ActiveCfg = Debug|Any CPU
		{6D3D1940-8729-462E-90F5-FEF0BF997947}.Debug|Any CPU.Build.0 = Debug|Any CPU
		{6D3D1940-8729-462E-90F5-FEF0BF997947}.Release|Any CPU.ActiveCfg = Release|Any CPU
		{6D3D1940-8729-462E-90F5-FEF0BF997947}.Release|Any CPU.Build.0 = Release|Any CPU
		{47B692ED-3D89-4CAF-BB87-AE6B31E1B6F3}.Debug|Any CPU.ActiveCfg = Debug|Any CPU
		{47B692ED-3D89-4CAF-BB87-AE6B31E1B6F3}.Debug|Any CPU.Build.0 = Debug|Any CPU
		{47B692ED-3D89-4CAF-BB87-AE6B31E1B6F3}.Release|Any CPU.ActiveCfg = Release|Any CPU
		{47B692ED-3D89-4CAF-BB87-AE6B31E1B6F3}.Release|Any CPU.Build.0 = Release|Any CPU
		{D7B2E35B-D871-4565-ABA7-0BCBA5E33E5C}.Debug|Any CPU.ActiveCfg = Debug|Any CPU
		{D7B2E35B-D871-4565-ABA7-0BCBA5E33E5C}.Debug|Any CPU.Build.0 = Debug|Any CPU
		{D7B2E35B-D871-4565-ABA7-0BCBA5E33E5C}.Release|Any CPU.ActiveCfg = Release|Any CPU
		{D7B2E35B-D871-4565-ABA7-0BCBA5E33E5C}.Release|Any CPU.Build.0 = Release|Any CPU
		{E3EA2CB2-0D0C-4140-BBAA-B7D386C77173}.Debug|Any CPU.ActiveCfg = Debug|Any CPU
		{E3EA2CB2-0D0C-4140-BBAA-B7D386C77173}.Debug|Any CPU.Build.0 = Debug|Any CPU
		{E3EA2CB2-0D0C-4140-BBAA-B7D386C77173}.Release|Any CPU.ActiveCfg = Release|Any CPU
		{E3EA2CB2-0D0C-4140-BBAA-B7D386C77173}.Release|Any CPU.Build.0 = Release|Any CPU
		{04A885B5-C431-4501-8773-70A69A16D7EA}.Debug|Any CPU.ActiveCfg = Debug|Any CPU
		{04A885B5-C431-4501-8773-70A69A16D7EA}.Debug|Any CPU.Build.0 = Debug|Any CPU
		{04A885B5-C431-4501-8773-70A69A16D7EA}.Release|Any CPU.ActiveCfg = Release|Any CPU
		{04A885B5-C431-4501-8773-70A69A16D7EA}.Release|Any CPU.Build.0 = Release|Any CPU
	EndGlobalSection
	GlobalSection(SolutionProperties) = preSolution
		HideSolutionNode = FALSE
	EndGlobalSection
	GlobalSection(ExtensibilityGlobals) = postSolution
		SolutionGuid = {16C99436-DE3C-4D27-BF05-9A7351678998}
	EndGlobalSection
EndGlobal
